
Microsoft Visual Studio Solution File, Format Version 11.00
# Visual Studio 2010
Project("{FAE04EC0-301F-11D3-BF4B-00C04F79EFBC}") = "XamarinAndroidAuth", "XamarinAndroidAuth\XamarinAndroidAuth.csproj", "{C549B3DF-6261-42E7-A3B5-CF24A6B7E099}"
EndProject
Global
	GlobalSection(SolutionConfigurationPlatforms) = preSolution
		Debug|Any CPU = Debug|Any CPU
		Release|Any CPU = Release|Any CPU
	EndGlobalSection
	GlobalSection(ProjectConfigurationPlatforms) = postSolution
		{C549B3DF-6261-42E7-A3B5-CF24A6B7E099}.Debug|Any CPU.ActiveCfg = Debug|Any CPU
		{C549B3DF-6261-42E7-A3B5-CF24A6B7E099}.Debug|Any CPU.Build.0 = Debug|Any CPU
		{C549B3DF-6261-42E7-A3B5-CF24A6B7E099}.Release|Any CPU.ActiveCfg = Release|Any CPU
		{C549B3DF-6261-42E7-A3B5-CF24A6B7E099}.Release|Any CPU.Build.0 = Release|Any CPU
	EndGlobalSection
	GlobalSection(MonoDevelopProperties) = preSolution
		StartupItem = XamarinAndroidAuth\XamarinAndroidAuth.csproj
	EndGlobalSection
EndGlobal
